// !$*UTF8*$!
{
	archiveVersion = 1;
	classes = {
	};
	objectVersion = 56;
	objects = {

/* Begin PBXBuildFile section */
		0A9F40902B588E0DE4ECB7F1 /* Pods_MVVM_Combine_PokeTests.framework in Frameworks */ = {isa = PBXBuildFile; fileRef = 0A251E735C8C185DD02BD8AB /* Pods_MVVM_Combine_PokeTests.framework */; };
		221792942AA0B01E001A5B79 /* AppDelegate.swift in Sources */ = {isa = PBXBuildFile; fileRef = 221792932AA0B01E001A5B79 /* AppDelegate.swift */; };
		221792962AA0B01E001A5B79 /* SceneDelegate.swift in Sources */ = {isa = PBXBuildFile; fileRef = 221792952AA0B01E001A5B79 /* SceneDelegate.swift */; };
		2217929B2AA0B01E001A5B79 /* Main.storyboard in Resources */ = {isa = PBXBuildFile; fileRef = 221792992AA0B01E001A5B79 /* Main.storyboard */; };
		2217929D2AA0B020001A5B79 /* Assets.xcassets in Resources */ = {isa = PBXBuildFile; fileRef = 2217929C2AA0B020001A5B79 /* Assets.xcassets */; };
		221792A02AA0B020001A5B79 /* LaunchScreen.storyboard in Resources */ = {isa = PBXBuildFile; fileRef = 2217929E2AA0B020001A5B79 /* LaunchScreen.storyboard */; };
		221792AB2AA0B020001A5B79 /* MVVM_Combine_PokeTests.swift in Sources */ = {isa = PBXBuildFile; fileRef = 221792AA2AA0B020001A5B79 /* MVVM_Combine_PokeTests.swift */; };
		221792B52AA0B020001A5B79 /* MVVM_Combine_PokeUITests.swift in Sources */ = {isa = PBXBuildFile; fileRef = 221792B42AA0B020001A5B79 /* MVVM_Combine_PokeUITests.swift */; };
		221792B72AA0B020001A5B79 /* MVVM_Combine_PokeUITestsLaunchTests.swift in Sources */ = {isa = PBXBuildFile; fileRef = 221792B62AA0B020001A5B79 /* MVVM_Combine_PokeUITestsLaunchTests.swift */; };
		221792C92AA0B169001A5B79 /* PokemonListVC.swift in Sources */ = {isa = PBXBuildFile; fileRef = 221792C82AA0B169001A5B79 /* PokemonListVC.swift */; };
		221792CE2AA0B35A001A5B79 /* PokemonCell.swift in Sources */ = {isa = PBXBuildFile; fileRef = 221792CC2AA0B35A001A5B79 /* PokemonCell.swift */; };
		221792CF2AA0B35A001A5B79 /* PokemonCell.xib in Resources */ = {isa = PBXBuildFile; fileRef = 221792CD2AA0B35A001A5B79 /* PokemonCell.xib */; };
		221792D22AA0C089001A5B79 /* WebServiceManager.swift in Sources */ = {isa = PBXBuildFile; fileRef = 221792D12AA0C089001A5B79 /* WebServiceManager.swift */; };
		221792D52AA0CF4A001A5B79 /* Pokemons.swift in Sources */ = {isa = PBXBuildFile; fileRef = 221792D42AA0CF4A001A5B79 /* Pokemons.swift */; };
		221792D72AA0E31A001A5B79 /* PokeWebService.swift in Sources */ = {isa = PBXBuildFile; fileRef = 221792D62AA0E31A001A5B79 /* PokeWebService.swift */; };
		221792D92AA0E6F6001A5B79 /* PokemonListVM.swift in Sources */ = {isa = PBXBuildFile; fileRef = 221792D82AA0E6F6001A5B79 /* PokemonListVM.swift */; };
		221792DC2AA0FB41001A5B79 /* PokemonHelpers.swift in Sources */ = {isa = PBXBuildFile; fileRef = 221792DB2AA0FB41001A5B79 /* PokemonHelpers.swift */; };
		4786D11D08E81D52484FACAE /* Pods_MVVM_Combine_Poke_MVVM_Combine_PokeUITests.framework in Frameworks */ = {isa = PBXBuildFile; fileRef = 183C18C87136835AB6E949B6 /* Pods_MVVM_Combine_Poke_MVVM_Combine_PokeUITests.framework */; };
		D33654552B86C5623D325CA7 /* Pods_MVVM_Combine_Poke.framework in Frameworks */ = {isa = PBXBuildFile; fileRef = D8E18EB0F02EAA31A5233EA2 /* Pods_MVVM_Combine_Poke.framework */; };
/* End PBXBuildFile section */

/* Begin PBXContainerItemProxy section */
		221792A72AA0B020001A5B79 /* PBXContainerItemProxy */ = {
			isa = PBXContainerItemProxy;
			containerPortal = 221792882AA0B01E001A5B79 /* Project object */;
			proxyType = 1;
			remoteGlobalIDString = 2217928F2AA0B01E001A5B79;
			remoteInfo = "MVVM+Combine+Poke";
		};
		221792B12AA0B020001A5B79 /* PBXContainerItemProxy */ = {
			isa = PBXContainerItemProxy;
			containerPortal = 221792882AA0B01E001A5B79 /* Project object */;
			proxyType = 1;
			remoteGlobalIDString = 2217928F2AA0B01E001A5B79;
			remoteInfo = "MVVM+Combine+Poke";
		};
/* End PBXContainerItemProxy section */

/* Begin PBXFileReference section */
		0A251E735C8C185DD02BD8AB /* Pods_MVVM_Combine_PokeTests.framework */ = {isa = PBXFileReference; explicitFileType = wrapper.framework; includeInIndex = 0; path = Pods_MVVM_Combine_PokeTests.framework; sourceTree = BUILT_PRODUCTS_DIR; };
		183C18C87136835AB6E949B6 /* Pods_MVVM_Combine_Poke_MVVM_Combine_PokeUITests.framework */ = {isa = PBXFileReference; explicitFileType = wrapper.framework; includeInIndex = 0; path = Pods_MVVM_Combine_Poke_MVVM_Combine_PokeUITests.framework; sourceTree = BUILT_PRODUCTS_DIR; };
		18C116D6306930D8EC19DC37 /* Pods-MVVM+Combine+PokeTests.debug.xcconfig */ = {isa = PBXFileReference; includeInIndex = 1; lastKnownFileType = text.xcconfig; name = "Pods-MVVM+Combine+PokeTests.debug.xcconfig"; path = "Target Support Files/Pods-MVVM+Combine+PokeTests/Pods-MVVM+Combine+PokeTests.debug.xcconfig"; sourceTree = "<group>"; };
		221792902AA0B01E001A5B79 /* MVVM+Combine+Poke.app */ = {isa = PBXFileReference; explicitFileType = wrapper.application; includeInIndex = 0; path = "MVVM+Combine+Poke.app"; sourceTree = BUILT_PRODUCTS_DIR; };
		221792932AA0B01E001A5B79 /* AppDelegate.swift */ = {isa = PBXFileReference; lastKnownFileType = sourcecode.swift; path = AppDelegate.swift; sourceTree = "<group>"; };
		221792952AA0B01E001A5B79 /* SceneDelegate.swift */ = {isa = PBXFileReference; lastKnownFileType = sourcecode.swift; path = SceneDelegate.swift; sourceTree = "<group>"; };
		2217929A2AA0B01E001A5B79 /* Base */ = {isa = PBXFileReference; lastKnownFileType = file.storyboard; name = Base; path = Base.lproj/Main.storyboard; sourceTree = "<group>"; };
		2217929C2AA0B020001A5B79 /* Assets.xcassets */ = {isa = PBXFileReference; lastKnownFileType = folder.assetcatalog; path = Assets.xcassets; sourceTree = "<group>"; };
		2217929F2AA0B020001A5B79 /* Base */ = {isa = PBXFileReference; lastKnownFileType = file.storyboard; name = Base; path = Base.lproj/LaunchScreen.storyboard; sourceTree = "<group>"; };
		221792A12AA0B020001A5B79 /* Info.plist */ = {isa = PBXFileReference; lastKnownFileType = text.plist.xml; path = Info.plist; sourceTree = "<group>"; };
		221792A62AA0B020001A5B79 /* MVVM+Combine+PokeTests.xctest */ = {isa = PBXFileReference; explicitFileType = wrapper.cfbundle; includeInIndex = 0; path = "MVVM+Combine+PokeTests.xctest"; sourceTree = BUILT_PRODUCTS_DIR; };
		221792AA2AA0B020001A5B79 /* MVVM_Combine_PokeTests.swift */ = {isa = PBXFileReference; lastKnownFileType = sourcecode.swift; path = MVVM_Combine_PokeTests.swift; sourceTree = "<group>"; };
		221792B02AA0B020001A5B79 /* MVVM+Combine+PokeUITests.xctest */ = {isa = PBXFileReference; explicitFileType = wrapper.cfbundle; includeInIndex = 0; path = "MVVM+Combine+PokeUITests.xctest"; sourceTree = BUILT_PRODUCTS_DIR; };
		221792B42AA0B020001A5B79 /* MVVM_Combine_PokeUITests.swift */ = {isa = PBXFileReference; lastKnownFileType = sourcecode.swift; path = MVVM_Combine_PokeUITests.swift; sourceTree = "<group>"; };
		221792B62AA0B020001A5B79 /* MVVM_Combine_PokeUITestsLaunchTests.swift */ = {isa = PBXFileReference; lastKnownFileType = sourcecode.swift; path = MVVM_Combine_PokeUITestsLaunchTests.swift; sourceTree = "<group>"; };
		221792C82AA0B169001A5B79 /* PokemonListVC.swift */ = {isa = PBXFileReference; lastKnownFileType = sourcecode.swift; path = PokemonListVC.swift; sourceTree = "<group>"; };
		221792CC2AA0B35A001A5B79 /* PokemonCell.swift */ = {isa = PBXFileReference; lastKnownFileType = sourcecode.swift; path = PokemonCell.swift; sourceTree = "<group>"; };
		221792CD2AA0B35A001A5B79 /* PokemonCell.xib */ = {isa = PBXFileReference; lastKnownFileType = file.xib; path = PokemonCell.xib; sourceTree = "<group>"; };
		221792D12AA0C089001A5B79 /* WebServiceManager.swift */ = {isa = PBXFileReference; lastKnownFileType = sourcecode.swift; path = WebServiceManager.swift; sourceTree = "<group>"; };
		221792D42AA0CF4A001A5B79 /* Pokemons.swift */ = {isa = PBXFileReference; lastKnownFileType = sourcecode.swift; path = Pokemons.swift; sourceTree = "<group>"; };
		221792D62AA0E31A001A5B79 /* PokeWebService.swift */ = {isa = PBXFileReference; lastKnownFileType = sourcecode.swift; path = PokeWebService.swift; sourceTree = "<group>"; };
		221792D82AA0E6F6001A5B79 /* PokemonListVM.swift */ = {isa = PBXFileReference; lastKnownFileType = sourcecode.swift; path = PokemonListVM.swift; sourceTree = "<group>"; };
		221792DB2AA0FB41001A5B79 /* PokemonHelpers.swift */ = {isa = PBXFileReference; lastKnownFileType = sourcecode.swift; path = PokemonHelpers.swift; sourceTree = "<group>"; };
		247EF566B6F5FAFA3A4E9D1F /* Pods-MVVM+Combine+Poke-MVVM+Combine+PokeUITests.release.xcconfig */ = {isa = PBXFileReference; includeInIndex = 1; lastKnownFileType = text.xcconfig; name = "Pods-MVVM+Combine+Poke-MVVM+Combine+PokeUITests.release.xcconfig"; path = "Target Support Files/Pods-MVVM+Combine+Poke-MVVM+Combine+PokeUITests/Pods-MVVM+Combine+Poke-MVVM+Combine+PokeUITests.release.xcconfig"; sourceTree = "<group>"; };
		269455826A14D1052345783B /* Pods-MVVM+Combine+Poke.debug.xcconfig */ = {isa = PBXFileReference; includeInIndex = 1; lastKnownFileType = text.xcconfig; name = "Pods-MVVM+Combine+Poke.debug.xcconfig"; path = "Target Support Files/Pods-MVVM+Combine+Poke/Pods-MVVM+Combine+Poke.debug.xcconfig"; sourceTree = "<group>"; };
		31F6E8541626C7D0F2B1DFA3 /* Pods-MVVM+Combine+Poke.release.xcconfig */ = {isa = PBXFileReference; includeInIndex = 1; lastKnownFileType = text.xcconfig; name = "Pods-MVVM+Combine+Poke.release.xcconfig"; path = "Target Support Files/Pods-MVVM+Combine+Poke/Pods-MVVM+Combine+Poke.release.xcconfig"; sourceTree = "<group>"; };
		D8E18EB0F02EAA31A5233EA2 /* Pods_MVVM_Combine_Poke.framework */ = {isa = PBXFileReference; explicitFileType = wrapper.framework; includeInIndex = 0; path = Pods_MVVM_Combine_Poke.framework; sourceTree = BUILT_PRODUCTS_DIR; };
		EBE7E6C12558568DBC54CB4B /* Pods-MVVM+Combine+PokeTests.release.xcconfig */ = {isa = PBXFileReference; includeInIndex = 1; lastKnownFileType = text.xcconfig; name = "Pods-MVVM+Combine+PokeTests.release.xcconfig"; path = "Target Support Files/Pods-MVVM+Combine+PokeTests/Pods-MVVM+Combine+PokeTests.release.xcconfig"; sourceTree = "<group>"; };
		F0332CB216096267CB2FC797 /* Pods-MVVM+Combine+Poke-MVVM+Combine+PokeUITests.debug.xcconfig */ = {isa = PBXFileReference; includeInIndex = 1; lastKnownFileType = text.xcconfig; name = "Pods-MVVM+Combine+Poke-MVVM+Combine+PokeUITests.debug.xcconfig"; path = "Target Support Files/Pods-MVVM+Combine+Poke-MVVM+Combine+PokeUITests/Pods-MVVM+Combine+Poke-MVVM+Combine+PokeUITests.debug.xcconfig"; sourceTree = "<group>"; };
/* End PBXFileReference section */

/* Begin PBXFrameworksBuildPhase section */
		2217928D2AA0B01E001A5B79 /* Frameworks */ = {
			isa = PBXFrameworksBuildPhase;
			buildActionMask = 2147483647;
			files = (
				D33654552B86C5623D325CA7 /* Pods_MVVM_Combine_Poke.framework in Frameworks */,
			);
			runOnlyForDeploymentPostprocessing = 0;
		};
		221792A32AA0B020001A5B79 /* Frameworks */ = {
			isa = PBXFrameworksBuildPhase;
			buildActionMask = 2147483647;
			files = (
				0A9F40902B588E0DE4ECB7F1 /* Pods_MVVM_Combine_PokeTests.framework in Frameworks */,
			);
			runOnlyForDeploymentPostprocessing = 0;
		};
		221792AD2AA0B020001A5B79 /* Frameworks */ = {
			isa = PBXFrameworksBuildPhase;
			buildActionMask = 2147483647;
			files = (
				4786D11D08E81D52484FACAE /* Pods_MVVM_Combine_Poke_MVVM_Combine_PokeUITests.framework in Frameworks */,
			);
			runOnlyForDeploymentPostprocessing = 0;
		};
/* End PBXFrameworksBuildPhase section */

/* Begin PBXGroup section */
		221792872AA0B01E001A5B79 = {
			isa = PBXGroup;
			children = (
				221792922AA0B01E001A5B79 /* MVVM+Combine+Poke */,
				221792A92AA0B020001A5B79 /* MVVM+Combine+PokeTests */,
				221792B32AA0B020001A5B79 /* MVVM+Combine+PokeUITests */,
				221792912AA0B01E001A5B79 /* Products */,
				9D447FCF6FE39F579856DAC6 /* Pods */,
				D3C622DBCD8B755B6499B0ED /* Frameworks */,
			);
			sourceTree = "<group>";
		};
		221792912AA0B01E001A5B79 /* Products */ = {
			isa = PBXGroup;
			children = (
				221792902AA0B01E001A5B79 /* MVVM+Combine+Poke.app */,
				221792A62AA0B020001A5B79 /* MVVM+Combine+PokeTests.xctest */,
				221792B02AA0B020001A5B79 /* MVVM+Combine+PokeUITests.xctest */,
			);
			name = Products;
			sourceTree = "<group>";
		};
		221792922AA0B01E001A5B79 /* MVVM+Combine+Poke */ = {
			isa = PBXGroup;
			children = (
				221792DA2AA0FB1B001A5B79 /* Helpers */,
				221792C32AA0B05B001A5B79 /* AppDelegate */,
				221792C42AA0B069001A5B79 /* Modules */,
				221792C52AA0B07B001A5B79 /* Storyboard */,
				221792D02AA0C070001A5B79 /* Services */,
				221792C62AA0B08A001A5B79 /* Resources */,
				221792A12AA0B020001A5B79 /* Info.plist */,
			);
			path = "MVVM+Combine+Poke";
			sourceTree = "<group>";
		};
		221792A92AA0B020001A5B79 /* MVVM+Combine+PokeTests */ = {
			isa = PBXGroup;
			children = (
				221792AA2AA0B020001A5B79 /* MVVM_Combine_PokeTests.swift */,
			);
			path = "MVVM+Combine+PokeTests";
			sourceTree = "<group>";
		};
		221792B32AA0B020001A5B79 /* MVVM+Combine+PokeUITests */ = {
			isa = PBXGroup;
			children = (
				221792B42AA0B020001A5B79 /* MVVM_Combine_PokeUITests.swift */,
				221792B62AA0B020001A5B79 /* MVVM_Combine_PokeUITestsLaunchTests.swift */,
			);
			path = "MVVM+Combine+PokeUITests";
			sourceTree = "<group>";
		};
		221792C32AA0B05B001A5B79 /* AppDelegate */ = {
			isa = PBXGroup;
			children = (
				221792952AA0B01E001A5B79 /* SceneDelegate.swift */,
				221792932AA0B01E001A5B79 /* AppDelegate.swift */,
			);
			path = AppDelegate;
			sourceTree = "<group>";
		};
		221792C42AA0B069001A5B79 /* Modules */ = {
			isa = PBXGroup;
			children = (
				221792C72AA0B151001A5B79 /* PokemonList */,
			);
			path = Modules;
			sourceTree = "<group>";
		};
		221792C52AA0B07B001A5B79 /* Storyboard */ = {
			isa = PBXGroup;
			children = (
				2217929E2AA0B020001A5B79 /* LaunchScreen.storyboard */,
				221792992AA0B01E001A5B79 /* Main.storyboard */,
			);
			path = Storyboard;
			sourceTree = "<group>";
		};
		221792C62AA0B08A001A5B79 /* Resources */ = {
			isa = PBXGroup;
			children = (
				2217929C2AA0B020001A5B79 /* Assets.xcassets */,
			);
			path = Resources;
			sourceTree = "<group>";
		};
		221792C72AA0B151001A5B79 /* PokemonList */ = {
			isa = PBXGroup;
			children = (
				221792D32AA0CDD1001A5B79 /* Model */,
				221792CB2AA0B2C4001A5B79 /* Cell */,
				221792CA2AA0B2BD001A5B79 /* Controller */,
			);
			path = PokemonList;
			sourceTree = "<group>";
		};
		221792CA2AA0B2BD001A5B79 /* Controller */ = {
			isa = PBXGroup;
			children = (
				221792C82AA0B169001A5B79 /* PokemonListVC.swift */,
				221792D82AA0E6F6001A5B79 /* PokemonListVM.swift */,
			);
			path = Controller;
			sourceTree = "<group>";
		};
		221792CB2AA0B2C4001A5B79 /* Cell */ = {
			isa = PBXGroup;
			children = (
				221792CC2AA0B35A001A5B79 /* PokemonCell.swift */,
				221792CD2AA0B35A001A5B79 /* PokemonCell.xib */,
			);
			path = Cell;
			sourceTree = "<group>";
		};
		221792D02AA0C070001A5B79 /* Services */ = {
			isa = PBXGroup;
			children = (
				221792D12AA0C089001A5B79 /* WebServiceManager.swift */,
				221792D62AA0E31A001A5B79 /* PokeWebService.swift */,
			);
			path = Services;
			sourceTree = "<group>";
		};
		221792D32AA0CDD1001A5B79 /* Model */ = {
			isa = PBXGroup;
			children = (
				221792D42AA0CF4A001A5B79 /* Pokemons.swift */,
			);
			path = Model;
			sourceTree = "<group>";
		};
		221792DA2AA0FB1B001A5B79 /* Helpers */ = {
			isa = PBXGroup;
			children = (
				221792DB2AA0FB41001A5B79 /* PokemonHelpers.swift */,
			);
			path = Helpers;
			sourceTree = "<group>";
		};
		9D447FCF6FE39F579856DAC6 /* Pods */ = {
			isa = PBXGroup;
			children = (
				269455826A14D1052345783B /* Pods-MVVM+Combine+Poke.debug.xcconfig */,
				31F6E8541626C7D0F2B1DFA3 /* Pods-MVVM+Combine+Poke.release.xcconfig */,
				F0332CB216096267CB2FC797 /* Pods-MVVM+Combine+Poke-MVVM+Combine+PokeUITests.debug.xcconfig */,
				247EF566B6F5FAFA3A4E9D1F /* Pods-MVVM+Combine+Poke-MVVM+Combine+PokeUITests.release.xcconfig */,
				18C116D6306930D8EC19DC37 /* Pods-MVVM+Combine+PokeTests.debug.xcconfig */,
				EBE7E6C12558568DBC54CB4B /* Pods-MVVM+Combine+PokeTests.release.xcconfig */,
			);
			name = Pods;
			path = Pods;
			sourceTree = "<group>";
		};
		D3C622DBCD8B755B6499B0ED /* Frameworks */ = {
			isa = PBXGroup;
			children = (
				D8E18EB0F02EAA31A5233EA2 /* Pods_MVVM_Combine_Poke.framework */,
				183C18C87136835AB6E949B6 /* Pods_MVVM_Combine_Poke_MVVM_Combine_PokeUITests.framework */,
				0A251E735C8C185DD02BD8AB /* Pods_MVVM_Combine_PokeTests.framework */,
			);
			name = Frameworks;
			sourceTree = "<group>";
		};
/* End PBXGroup section */

/* Begin PBXNativeTarget section */
		2217928F2AA0B01E001A5B79 /* MVVM+Combine+Poke */ = {
			isa = PBXNativeTarget;
			buildConfigurationList = 221792BA2AA0B020001A5B79 /* Build configuration list for PBXNativeTarget "MVVM+Combine+Poke" */;
			buildPhases = (
				4E21AC2AAF0507932D3B9C7D /* [CP] Check Pods Manifest.lock */,
				2217928C2AA0B01E001A5B79 /* Sources */,
				2217928D2AA0B01E001A5B79 /* Frameworks */,
				2217928E2AA0B01E001A5B79 /* Resources */,
				A02C797AE8DE531563546B02 /* [CP] Embed Pods Frameworks */,
			);
			buildRules = (
			);
			dependencies = (
			);
			name = "MVVM+Combine+Poke";
			productName = "MVVM+Combine+Poke";
			productReference = 221792902AA0B01E001A5B79 /* MVVM+Combine+Poke.app */;
			productType = "com.apple.product-type.application";
		};
		221792A52AA0B020001A5B79 /* MVVM+Combine+PokeTests */ = {
			isa = PBXNativeTarget;
			buildConfigurationList = 221792BD2AA0B020001A5B79 /* Build configuration list for PBXNativeTarget "MVVM+Combine+PokeTests" */;
			buildPhases = (
				689357A47D2F390D312DE6D5 /* [CP] Check Pods Manifest.lock */,
				221792A22AA0B020001A5B79 /* Sources */,
				221792A32AA0B020001A5B79 /* Frameworks */,
				221792A42AA0B020001A5B79 /* Resources */,
			);
			buildRules = (
			);
			dependencies = (
				221792A82AA0B020001A5B79 /* PBXTargetDependency */,
			);
			name = "MVVM+Combine+PokeTests";
			productName = "MVVM+Combine+PokeTests";
			productReference = 221792A62AA0B020001A5B79 /* MVVM+Combine+PokeTests.xctest */;
			productType = "com.apple.product-type.bundle.unit-test";
		};
		221792AF2AA0B020001A5B79 /* MVVM+Combine+PokeUITests */ = {
			isa = PBXNativeTarget;
			buildConfigurationList = 221792C02AA0B020001A5B79 /* Build configuration list for PBXNativeTarget "MVVM+Combine+PokeUITests" */;
			buildPhases = (
				7A2A994D8AA60CE3DD3069D4 /* [CP] Check Pods Manifest.lock */,
				221792AC2AA0B020001A5B79 /* Sources */,
				221792AD2AA0B020001A5B79 /* Frameworks */,
				221792AE2AA0B020001A5B79 /* Resources */,
				5546F7EB5ED8F355A171D576 /* [CP] Embed Pods Frameworks */,
			);
			buildRules = (
			);
			dependencies = (
				221792B22AA0B020001A5B79 /* PBXTargetDependency */,
			);
			name = "MVVM+Combine+PokeUITests";
			productName = "MVVM+Combine+PokeUITests";
			productReference = 221792B02AA0B020001A5B79 /* MVVM+Combine+PokeUITests.xctest */;
			productType = "com.apple.product-type.bundle.ui-testing";
		};
/* End PBXNativeTarget section */

/* Begin PBXProject section */
		221792882AA0B01E001A5B79 /* Project object */ = {
			isa = PBXProject;
			attributes = {
				BuildIndependentTargetsInParallel = 1;
				LastSwiftUpdateCheck = 1430;
				LastUpgradeCheck = 1430;
				TargetAttributes = {
					2217928F2AA0B01E001A5B79 = {
						CreatedOnToolsVersion = 14.3.1;
					};
					221792A52AA0B020001A5B79 = {
						CreatedOnToolsVersion = 14.3.1;
						TestTargetID = 2217928F2AA0B01E001A5B79;
					};
					221792AF2AA0B020001A5B79 = {
						CreatedOnToolsVersion = 14.3.1;
						TestTargetID = 2217928F2AA0B01E001A5B79;
					};
				};
			};
			buildConfigurationList = 2217928B2AA0B01E001A5B79 /* Build configuration list for PBXProject "MVVM+Combine+Poke" */;
			compatibilityVersion = "Xcode 14.0";
			developmentRegion = en;
			hasScannedForEncodings = 0;
			knownRegions = (
				en,
				Base,
			);
			mainGroup = 221792872AA0B01E001A5B79;
			productRefGroup = 221792912AA0B01E001A5B79 /* Products */;
			projectDirPath = "";
			projectRoot = "";
			targets = (
				2217928F2AA0B01E001A5B79 /* MVVM+Combine+Poke */,
				221792A52AA0B020001A5B79 /* MVVM+Combine+PokeTests */,
				221792AF2AA0B020001A5B79 /* MVVM+Combine+PokeUITests */,
			);
		};
/* End PBXProject section */

/* Begin PBXResourcesBuildPhase section */
		2217928E2AA0B01E001A5B79 /* Resources */ = {
			isa = PBXResourcesBuildPhase;
			buildActionMask = 2147483647;
			files = (
				221792A02AA0B020001A5B79 /* LaunchScreen.storyboard in Resources */,
				221792CF2AA0B35A001A5B79 /* PokemonCell.xib in Resources */,
				2217929D2AA0B020001A5B79 /* Assets.xcassets in Resources */,
				2217929B2AA0B01E001A5B79 /* Main.storyboard in Resources */,
			);
			runOnlyForDeploymentPostprocessing = 0;
		};
		221792A42AA0B020001A5B79 /* Resources */ = {
			isa = PBXResourcesBuildPhase;
			buildActionMask = 2147483647;
			files = (
			);
			runOnlyForDeploymentPostprocessing = 0;
		};
		221792AE2AA0B020001A5B79 /* Resources */ = {
			isa = PBXResourcesBuildPhase;
			buildActionMask = 2147483647;
			files = (
			);
			runOnlyForDeploymentPostprocessing = 0;
		};
/* End PBXResourcesBuildPhase section */

/* Begin PBXShellScriptBuildPhase section */
		4E21AC2AAF0507932D3B9C7D /* [CP] Check Pods Manifest.lock */ = {
			isa = PBXShellScriptBuildPhase;
			buildActionMask = 2147483647;
			files = (
			);
			inputFileListPaths = (
			);
			inputPaths = (
				"${PODS_PODFILE_DIR_PATH}/Podfile.lock",
				"${PODS_ROOT}/Manifest.lock",
			);
			name = "[CP] Check Pods Manifest.lock";
			outputFileListPaths = (
			);
			outputPaths = (
				"$(DERIVED_FILE_DIR)/Pods-MVVM+Combine+Poke-checkManifestLockResult.txt",
			);
			runOnlyForDeploymentPostprocessing = 0;
			shellPath = /bin/sh;
			shellScript = "diff \"${PODS_PODFILE_DIR_PATH}/Podfile.lock\" \"${PODS_ROOT}/Manifest.lock\" > /dev/null\nif [ $? != 0 ] ; then\n    # print error to STDERR\n    echo \"error: The sandbox is not in sync with the Podfile.lock. Run 'pod install' or update your CocoaPods installation.\" >&2\n    exit 1\nfi\n# This output is used by Xcode 'outputs' to avoid re-running this script phase.\necho \"SUCCESS\" > \"${SCRIPT_OUTPUT_FILE_0}\"\n";
			showEnvVarsInLog = 0;
		};
		5546F7EB5ED8F355A171D576 /* [CP] Embed Pods Frameworks */ = {
			isa = PBXShellScriptBuildPhase;
			buildActionMask = 2147483647;
			files = (
			);
			inputFileListPaths = (
				"${PODS_ROOT}/Target Support Files/Pods-MVVM+Combine+Poke-MVVM+Combine+PokeUITests/Pods-MVVM+Combine+Poke-MVVM+Combine+PokeUITests-frameworks-${CONFIGURATION}-input-files.xcfilelist",
			);
			name = "[CP] Embed Pods Frameworks";
			outputFileListPaths = (
				"${PODS_ROOT}/Target Support Files/Pods-MVVM+Combine+Poke-MVVM+Combine+PokeUITests/Pods-MVVM+Combine+Poke-MVVM+Combine+PokeUITests-frameworks-${CONFIGURATION}-output-files.xcfilelist",
			);
			runOnlyForDeploymentPostprocessing = 0;
			shellPath = /bin/sh;
			shellScript = "\"${PODS_ROOT}/Target Support Files/Pods-MVVM+Combine+Poke-MVVM+Combine+PokeUITests/Pods-MVVM+Combine+Poke-MVVM+Combine+PokeUITests-frameworks.sh\"\n";
			showEnvVarsInLog = 0;
		};
		689357A47D2F390D312DE6D5 /* [CP] Check Pods Manifest.lock */ = {
			isa = PBXShellScriptBuildPhase;
			buildActionMask = 2147483647;
			files = (
			);
			inputFileListPaths = (
			);
			inputPaths = (
				"${PODS_PODFILE_DIR_PATH}/Podfile.lock",
				"${PODS_ROOT}/Manifest.lock",
			);
			name = "[CP] Check Pods Manifest.lock";
			outputFileListPaths = (
			);
			outputPaths = (
				"$(DERIVED_FILE_DIR)/Pods-MVVM+Combine+PokeTests-checkManifestLockResult.txt",
			);
			runOnlyForDeploymentPostprocessing = 0;
			shellPath = /bin/sh;
			shellScript = "diff \"${PODS_PODFILE_DIR_PATH}/Podfile.lock\" \"${PODS_ROOT}/Manifest.lock\" > /dev/null\nif [ $? != 0 ] ; then\n    # print error to STDERR\n    echo \"error: The sandbox is not in sync with the Podfile.lock. Run 'pod install' or update your CocoaPods installation.\" >&2\n    exit 1\nfi\n# This output is used by Xcode 'outputs' to avoid re-running this script phase.\necho \"SUCCESS\" > \"${SCRIPT_OUTPUT_FILE_0}\"\n";
			showEnvVarsInLog = 0;
		};
		7A2A994D8AA60CE3DD3069D4 /* [CP] Check Pods Manifest.lock */ = {
			isa = PBXShellScriptBuildPhase;
			buildActionMask = 2147483647;
			files = (
			);
			inputFileListPaths = (
			);
			inputPaths = (
				"${PODS_PODFILE_DIR_PATH}/Podfile.lock",
				"${PODS_ROOT}/Manifest.lock",
			);
			name = "[CP] Check Pods Manifest.lock";
			outputFileListPaths = (
			);
			outputPaths = (
				"$(DERIVED_FILE_DIR)/Pods-MVVM+Combine+Poke-MVVM+Combine+PokeUITests-checkManifestLockResult.txt",
			);
			runOnlyForDeploymentPostprocessing = 0;
			shellPath = /bin/sh;
			shellScript = "diff \"${PODS_PODFILE_DIR_PATH}/Podfile.lock\" \"${PODS_ROOT}/Manifest.lock\" > /dev/null\nif [ $? != 0 ] ; then\n    # print error to STDERR\n    echo \"error: The sandbox is not in sync with the Podfile.lock. Run 'pod install' or update your CocoaPods installation.\" >&2\n    exit 1\nfi\n# This output is used by Xcode 'outputs' to avoid re-running this script phase.\necho \"SUCCESS\" > \"${SCRIPT_OUTPUT_FILE_0}\"\n";
			showEnvVarsInLog = 0;
		};
		A02C797AE8DE531563546B02 /* [CP] Embed Pods Frameworks */ = {
			isa = PBXShellScriptBuildPhase;
			buildActionMask = 2147483647;
			files = (
			);
			inputFileListPaths = (
				"${PODS_ROOT}/Target Support Files/Pods-MVVM+Combine+Poke/Pods-MVVM+Combine+Poke-frameworks-${CONFIGURATION}-input-files.xcfilelist",
			);
			name = "[CP] Embed Pods Frameworks";
			outputFileListPaths = (
				"${PODS_ROOT}/Target Support Files/Pods-MVVM+Combine+Poke/Pods-MVVM+Combine+Poke-frameworks-${CONFIGURATION}-output-files.xcfilelist",
			);
			runOnlyForDeploymentPostprocessing = 0;
			shellPath = /bin/sh;
			shellScript = "\"${PODS_ROOT}/Target Support Files/Pods-MVVM+Combine+Poke/Pods-MVVM+Combine+Poke-frameworks.sh\"\n";
			showEnvVarsInLog = 0;
		};
/* End PBXShellScriptBuildPhase section */

/* Begin PBXSourcesBuildPhase section */
		2217928C2AA0B01E001A5B79 /* Sources */ = {
			isa = PBXSourcesBuildPhase;
			buildActionMask = 2147483647;
			files = (
				221792942AA0B01E001A5B79 /* AppDelegate.swift in Sources */,
				221792DC2AA0FB41001A5B79 /* PokemonHelpers.swift in Sources */,
				221792D52AA0CF4A001A5B79 /* Pokemons.swift in Sources */,
				221792CE2AA0B35A001A5B79 /* PokemonCell.swift in Sources */,
				221792C92AA0B169001A5B79 /* PokemonListVC.swift in Sources */,
				221792D22AA0C089001A5B79 /* WebServiceManager.swift in Sources */,
				221792962AA0B01E001A5B79 /* SceneDelegate.swift in Sources */,
				221792D92AA0E6F6001A5B79 /* PokemonListVM.swift in Sources */,
				221792D72AA0E31A001A5B79 /* PokeWebService.swift in Sources */,
			);
			runOnlyForDeploymentPostprocessing = 0;
		};
		221792A22AA0B020001A5B79 /* Sources */ = {
			isa = PBXSourcesBuildPhase;
			buildActionMask = 2147483647;
			files = (
				221792AB2AA0B020001A5B79 /* MVVM_Combine_PokeTests.swift in Sources */,
			);
			runOnlyForDeploymentPostprocessing = 0;
		};
		221792AC2AA0B020001A5B79 /* Sources */ = {
			isa = PBXSourcesBuildPhase;
			buildActionMask = 2147483647;
			files = (
				221792B52AA0B020001A5B79 /* MVVM_Combine_PokeUITests.swift in Sources */,
				221792B72AA0B020001A5B79 /* MVVM_Combine_PokeUITestsLaunchTests.swift in Sources */,
			);
			runOnlyForDeploymentPostprocessing = 0;
		};
/* End PBXSourcesBuildPhase section */

/* Begin PBXTargetDependency section */
		221792A82AA0B020001A5B79 /* PBXTargetDependency */ = {
			isa = PBXTargetDependency;
			target = 2217928F2AA0B01E001A5B79 /* MVVM+Combine+Poke */;
			targetProxy = 221792A72AA0B020001A5B79 /* PBXContainerItemProxy */;
		};
		221792B22AA0B020001A5B79 /* PBXTargetDependency */ = {
			isa = PBXTargetDependency;
			target = 2217928F2AA0B01E001A5B79 /* MVVM+Combine+Poke */;
			targetProxy = 221792B12AA0B020001A5B79 /* PBXContainerItemProxy */;
		};
/* End PBXTargetDependency section */

/* Begin PBXVariantGroup section */
		221792992AA0B01E001A5B79 /* Main.storyboard */ = {
			isa = PBXVariantGroup;
			children = (
				2217929A2AA0B01E001A5B79 /* Base */,
			);
			name = Main.storyboard;
			sourceTree = "<group>";
		};
		2217929E2AA0B020001A5B79 /* LaunchScreen.storyboard */ = {
			isa = PBXVariantGroup;
			children = (
				2217929F2AA0B020001A5B79 /* Base */,
			);
			name = LaunchScreen.storyboard;
			sourceTree = "<group>";
		};
/* End PBXVariantGroup section */

/* Begin XCBuildConfiguration section */
		221792B82AA0B020001A5B79 /* Debug */ = {
			isa = XCBuildConfiguration;
			buildSettings = {
				ALWAYS_SEARCH_USER_PATHS = NO;
				CLANG_ANALYZER_NONNULL = YES;
				CLANG_ANALYZER_NUMBER_OBJECT_CONVERSION = YES_AGGRESSIVE;
				CLANG_CXX_LANGUAGE_STANDARD = "gnu++20";
				CLANG_ENABLE_MODULES = YES;
				CLANG_ENABLE_OBJC_ARC = YES;
				CLANG_ENABLE_OBJC_WEAK = YES;
				CLANG_WARN_BLOCK_CAPTURE_AUTORELEASING = YES;
				CLANG_WARN_BOOL_CONVERSION = YES;
				CLANG_WARN_COMMA = YES;
				CLANG_WARN_CONSTANT_CONVERSION = YES;
				CLANG_WARN_DEPRECATED_OBJC_IMPLEMENTATIONS = YES;
				CLANG_WARN_DIRECT_OBJC_ISA_USAGE = YES_ERROR;
				CLANG_WARN_DOCUMENTATION_COMMENTS = YES;
				CLANG_WARN_EMPTY_BODY = YES;
				CLANG_WARN_ENUM_CONVERSION = YES;
				CLANG_WARN_INFINITE_RECURSION = YES;
				CLANG_WARN_INT_CONVERSION = YES;
				CLANG_WARN_NON_LITERAL_NULL_CONVERSION = YES;
				CLANG_WARN_OBJC_IMPLICIT_RETAIN_SELF = YES;
				CLANG_WARN_OBJC_LITERAL_CONVERSION = YES;
				CLANG_WARN_OBJC_ROOT_CLASS = YES_ERROR;
				CLANG_WARN_QUOTED_INCLUDE_IN_FRAMEWORK_HEADER = YES;
				CLANG_WARN_RANGE_LOOP_ANALYSIS = YES;
				CLANG_WARN_STRICT_PROTOTYPES = YES;
				CLANG_WARN_SUSPICIOUS_MOVE = YES;
				CLANG_WARN_UNGUARDED_AVAILABILITY = YES_AGGRESSIVE;
				CLANG_WARN_UNREACHABLE_CODE = YES;
				CLANG_WARN__DUPLICATE_METHOD_MATCH = YES;
				COPY_PHASE_STRIP = NO;
				DEBUG_INFORMATION_FORMAT = dwarf;
				ENABLE_STRICT_OBJC_MSGSEND = YES;
				ENABLE_TESTABILITY = YES;
				GCC_C_LANGUAGE_STANDARD = gnu11;
				GCC_DYNAMIC_NO_PIC = NO;
				GCC_NO_COMMON_BLOCKS = YES;
				GCC_OPTIMIZATION_LEVEL = 0;
				GCC_PREPROCESSOR_DEFINITIONS = (
					"DEBUG=1",
					"$(inherited)",
				);
				GCC_WARN_64_TO_32_BIT_CONVERSION = YES;
				GCC_WARN_ABOUT_RETURN_TYPE = YES_ERROR;
				GCC_WARN_UNDECLARED_SELECTOR = YES;
				GCC_WARN_UNINITIALIZED_AUTOS = YES_AGGRESSIVE;
				GCC_WARN_UNUSED_FUNCTION = YES;
				GCC_WARN_UNUSED_VARIABLE = YES;
				IPHONEOS_DEPLOYMENT_TARGET = 16.4;
				MTL_ENABLE_DEBUG_INFO = INCLUDE_SOURCE;
				MTL_FAST_MATH = YES;
				ONLY_ACTIVE_ARCH = YES;
				SDKROOT = iphoneos;
				SWIFT_ACTIVE_COMPILATION_CONDITIONS = DEBUG;
				SWIFT_OPTIMIZATION_LEVEL = "-Onone";
			};
			name = Debug;
		};
		221792B92AA0B020001A5B79 /* Release */ = {
			isa = XCBuildConfiguration;
			buildSettings = {
				ALWAYS_SEARCH_USER_PATHS = NO;
				CLANG_ANALYZER_NONNULL = YES;
				CLANG_ANALYZER_NUMBER_OBJECT_CONVERSION = YES_AGGRESSIVE;
				CLANG_CXX_LANGUAGE_STANDARD = "gnu++20";
				CLANG_ENABLE_MODULES = YES;
				CLANG_ENABLE_OBJC_ARC = YES;
				CLANG_ENABLE_OBJC_WEAK = YES;
				CLANG_WARN_BLOCK_CAPTURE_AUTORELEASING = YES;
				CLANG_WARN_BOOL_CONVERSION = YES;
				CLANG_WARN_COMMA = YES;
				CLANG_WARN_CONSTANT_CONVERSION = YES;
				CLANG_WARN_DEPRECATED_OBJC_IMPLEMENTATIONS = YES;
				CLANG_WARN_DIRECT_OBJC_ISA_USAGE = YES_ERROR;
				CLANG_WARN_DOCUMENTATION_COMMENTS = YES;
				CLANG_WARN_EMPTY_BODY = YES;
				CLANG_WARN_ENUM_CONVERSION = YES;
				CLANG_WARN_INFINITE_RECURSION = YES;
				CLANG_WARN_INT_CONVERSION = YES;
				CLANG_WARN_NON_LITERAL_NULL_CONVERSION = YES;
				CLANG_WARN_OBJC_IMPLICIT_RETAIN_SELF = YES;
				CLANG_WARN_OBJC_LITERAL_CONVERSION = YES;
				CLANG_WARN_OBJC_ROOT_CLASS = YES_ERROR;
				CLANG_WARN_QUOTED_INCLUDE_IN_FRAMEWORK_HEADER = YES;
				CLANG_WARN_RANGE_LOOP_ANALYSIS = YES;
				CLANG_WARN_STRICT_PROTOTYPES = YES;
				CLANG_WARN_SUSPICIOUS_MOVE = YES;
				CLANG_WARN_UNGUARDED_AVAILABILITY = YES_AGGRESSIVE;
				CLANG_WARN_UNREACHABLE_CODE = YES;
				CLANG_WARN__DUPLICATE_METHOD_MATCH = YES;
				COPY_PHASE_STRIP = NO;
				DEBUG_INFORMATION_FORMAT = "dwarf-with-dsym";
				ENABLE_NS_ASSERTIONS = NO;
				ENABLE_STRICT_OBJC_MSGSEND = YES;
				GCC_C_LANGUAGE_STANDARD = gnu11;
				GCC_NO_COMMON_BLOCKS = YES;
				GCC_WARN_64_TO_32_BIT_CONVERSION = YES;
				GCC_WARN_ABOUT_RETURN_TYPE = YES_ERROR;
				GCC_WARN_UNDECLARED_SELECTOR = YES;
				GCC_WARN_UNINITIALIZED_AUTOS = YES_AGGRESSIVE;
				GCC_WARN_UNUSED_FUNCTION = YES;
				GCC_WARN_UNUSED_VARIABLE = YES;
				IPHONEOS_DEPLOYMENT_TARGET = 16.4;
				MTL_ENABLE_DEBUG_INFO = NO;
				MTL_FAST_MATH = YES;
				SDKROOT = iphoneos;
				SWIFT_COMPILATION_MODE = wholemodule;
				SWIFT_OPTIMIZATION_LEVEL = "-O";
				VALIDATE_PRODUCT = YES;
			};
			name = Release;
		};
		221792BB2AA0B020001A5B79 /* Debug */ = {
			isa = XCBuildConfiguration;
			baseConfigurationReference = 269455826A14D1052345783B /* Pods-MVVM+Combine+Poke.debug.xcconfig */;
			buildSettings = {
				ASSETCATALOG_COMPILER_APPICON_NAME = AppIcon;
				ASSETCATALOG_COMPILER_GLOBAL_ACCENT_COLOR_NAME = AccentColor;
				CODE_SIGN_STYLE = Automatic;
				CURRENT_PROJECT_VERSION = 1;
				GENERATE_INFOPLIST_FILE = YES;
				INFOPLIST_FILE = "MVVM+Combine+Poke/Info.plist";
				INFOPLIST_KEY_UIApplicationSupportsIndirectInputEvents = YES;
				INFOPLIST_KEY_UILaunchStoryboardName = LaunchScreen;
				INFOPLIST_KEY_UIMainStoryboardFile = Main;
				INFOPLIST_KEY_UISupportedInterfaceOrientations_iPad = "UIInterfaceOrientationPortrait UIInterfaceOrientationPortraitUpsideDown UIInterfaceOrientationLandscapeLeft UIInterfaceOrientationLandscapeRight";
				INFOPLIST_KEY_UISupportedInterfaceOrientations_iPhone = "UIInterfaceOrientationPortrait UIInterfaceOrientationLandscapeLeft UIInterfaceOrientationLandscapeRight";
				LD_RUNPATH_SEARCH_PATHS = (
					"$(inherited)",
					"@executable_path/Frameworks",
				);
				MARKETING_VERSION = 1.0;
				PRODUCT_BUNDLE_IDENTIFIER = "com.personal.MVVM-Combine-Poke";
				PRODUCT_NAME = "$(TARGET_NAME)";
				SWIFT_EMIT_LOC_STRINGS = YES;
				SWIFT_VERSION = 5.0;
				TARGETED_DEVICE_FAMILY = "1,2";
			};
			name = Debug;
		};
		221792BC2AA0B020001A5B79 /* Release */ = {
			isa = XCBuildConfiguration;
			baseConfigurationReference = 31F6E8541626C7D0F2B1DFA3 /* Pods-MVVM+Combine+Poke.release.xcconfig */;
			buildSettings = {
				ASSETCATALOG_COMPILER_APPICON_NAME = AppIcon;
				ASSETCATALOG_COMPILER_GLOBAL_ACCENT_COLOR_NAME = AccentColor;
				CODE_SIGN_STYLE = Automatic;
				CURRENT_PROJECT_VERSION = 1;
				GENERATE_INFOPLIST_FILE = YES;
				INFOPLIST_FILE = "MVVM+Combine+Poke/Info.plist";
				INFOPLIST_KEY_UIApplicationSupportsIndirectInputEvents = YES;
				INFOPLIST_KEY_UILaunchStoryboardName = LaunchScreen;
				INFOPLIST_KEY_UIMainStoryboardFile = Main;
				INFOPLIST_KEY_UISupportedInterfaceOrientations_iPad = "UIInterfaceOrientationPortrait UIInterfaceOrientationPortraitUpsideDown UIInterfaceOrientationLandscapeLeft UIInterfaceOrientationLandscapeRight";
				INFOPLIST_KEY_UISupportedInterfaceOrientations_iPhone = "UIInterfaceOrientationPortrait UIInterfaceOrientationLandscapeLeft UIInterfaceOrientationLandscapeRight";
				LD_RUNPATH_SEARCH_PATHS = (
					"$(inherited)",
					"@executable_path/Frameworks",
				);
				MARKETING_VERSION = 1.0;
				PRODUCT_BUNDLE_IDENTIFIER = "com.personal.MVVM-Combine-Poke";
				PRODUCT_NAME = "$(TARGET_NAME)";
				SWIFT_EMIT_LOC_STRINGS = YES;
				SWIFT_VERSION = 5.0;
				TARGETED_DEVICE_FAMILY = "1,2";
			};
			name = Release;
		};
		221792BE2AA0B020001A5B79 /* Debug */ = {
			isa = XCBuildConfiguration;
			baseConfigurationReference = 18C116D6306930D8EC19DC37 /* Pods-MVVM+Combine+PokeTests.debug.xcconfig */;
			buildSettings = {
				ALWAYS_EMBED_SWIFT_STANDARD_LIBRARIES = YES;
				BUNDLE_LOADER = "$(TEST_HOST)";
				CODE_SIGN_STYLE = Automatic;
				CURRENT_PROJECT_VERSION = 1;
				GENERATE_INFOPLIST_FILE = YES;
				IPHONEOS_DEPLOYMENT_TARGET = 16.4;
				MARKETING_VERSION = 1.0;
				PRODUCT_BUNDLE_IDENTIFIER = "com.personal.MVVM-Combine-PokeTests";
				PRODUCT_NAME = "$(TARGET_NAME)";
				SWIFT_EMIT_LOC_STRINGS = NO;
				SWIFT_VERSION = 5.0;
				TARGETED_DEVICE_FAMILY = "1,2";
				TEST_HOST = "$(BUILT_PRODUCTS_DIR)/MVVM+Combine+Poke.app/$(BUNDLE_EXECUTABLE_FOLDER_PATH)/MVVM+Combine+Poke";
			};
			name = Debug;
		};
		221792BF2AA0B020001A5B79 /* Release */ = {
			isa = XCBuildConfiguration;
			baseConfigurationReference = EBE7E6C12558568DBC54CB4B /* Pods-MVVM+Combine+PokeTests.release.xcconfig */;
			buildSettings = {
				ALWAYS_EMBED_SWIFT_STANDARD_LIBRARIES = YES;
				BUNDLE_LOADER = "$(TEST_HOST)";
				CODE_SIGN_STYLE = Automatic;
				CURRENT_PROJECT_VERSION = 1;
				GENERATE_INFOPLIST_FILE = YES;
				IPHONEOS_DEPLOYMENT_TARGET = 16.4;
				MARKETING_VERSION = 1.0;
				PRODUCT_BUNDLE_IDENTIFIER = "com.personal.MVVM-Combine-PokeTests";
				PRODUCT_NAME = "$(TARGET_NAME)";
				SWIFT_EMIT_LOC_STRINGS = NO;
				SWIFT_VERSION = 5.0;
				TARGETED_DEVICE_FAMILY = "1,2";
				TEST_HOST = "$(BUILT_PRODUCTS_DIR)/MVVM+Combine+Poke.app/$(BUNDLE_EXECUTABLE_FOLDER_PATH)/MVVM+Combine+Poke";
			};
			name = Release;
		};
		221792C12AA0B020001A5B79 /* Debug */ = {
			isa = XCBuildConfiguration;
			baseConfigurationReference = F0332CB216096267CB2FC797 /* Pods-MVVM+Combine+Poke-MVVM+Combine+PokeUITests.debug.xcconfig */;
			buildSettings = {
				ALWAYS_EMBED_SWIFT_STANDARD_LIBRARIES = YES;
				CODE_SIGN_STYLE = Automatic;
				CURRENT_PROJECT_VERSION = 1;
				GENERATE_INFOPLIST_FILE = YES;
				MARKETING_VERSION = 1.0;
				PRODUCT_BUNDLE_IDENTIFIER = "com.personal.MVVM-Combine-PokeUITests";
				PRODUCT_NAME = "$(TARGET_NAME)";
				SWIFT_EMIT_LOC_STRINGS = NO;
				SWIFT_VERSION = 5.0;
				TARGETED_DEVICE_FAMILY = "1,2";
				TEST_TARGET_NAME = "MVVM+Combine+Poke";
			};
			name = Debug;
		};
		221792C22AA0B020001A5B79 /* Release */ = {
			isa = XCBuildConfiguration;
			baseConfigurationReference = 247EF566B6F5FAFA3A4E9D1F /* Pods-MVVM+Combine+Poke-MVVM+Combine+PokeUITests.release.xcconfig */;
			buildSettings = {
				ALWAYS_EMBED_SWIFT_STANDARD_LIBRARIES = YES;
				CODE_SIGN_STYLE = Automatic;
				CURRENT_PROJECT_VERSION = 1;
				GENERATE_INFOPLIST_FILE = YES;
				MARKETING_VERSION = 1.0;
				PRODUCT_BUNDLE_IDENTIFIER = "com.personal.MVVM-Combine-PokeUITests";
				PRODUCT_NAME = "$(TARGET_NAME)";
				SWIFT_EMIT_LOC_STRINGS = NO;
				SWIFT_VERSION = 5.0;
				TARGETED_DEVICE_FAMILY = "1,2";
				TEST_TARGET_NAME = "MVVM+Combine+Poke";
			};
			name = Release;
		};
/* End XCBuildConfiguration section */

/* Begin XCConfigurationList section */
		2217928B2AA0B01E001A5B79 /* Build configuration list for PBXProject "MVVM+Combine+Poke" */ = {
			isa = XCConfigurationList;
			buildConfigurations = (
				221792B82AA0B020001A5B79 /* Debug */,
				221792B92AA0B020001A5B79 /* Release */,
			);
			defaultConfigurationIsVisible = 0;
			defaultConfigurationName = Release;
		};
		221792BA2AA0B020001A5B79 /* Build configuration list for PBXNativeTarget "MVVM+Combine+Poke" */ = {
			isa = XCConfigurationList;
			buildConfigurations = (
				221792BB2AA0B020001A5B79 /* Debug */,
				221792BC2AA0B020001A5B79 /* Release */,
			);
			defaultConfigurationIsVisible = 0;
			defaultConfigurationName = Release;
		};
		221792BD2AA0B020001A5B79 /* Build configuration list for PBXNativeTarget "MVVM+Combine+PokeTests" */ = {
			isa = XCConfigurationList;
			buildConfigurations = (
				221792BE2AA0B020001A5B79 /* Debug */,
				221792BF2AA0B020001A5B79 /* Release */,
			);
			defaultConfigurationIsVisible = 0;
			defaultConfigurationName = Release;
		};
		221792C02AA0B020001A5B79 /* Build configuration list for PBXNativeTarget "MVVM+Combine+PokeUITests" */ = {
			isa = XCConfigurationList;
			buildConfigurations = (
				221792C12AA0B020001A5B79 /* Debug */,
				221792C22AA0B020001A5B79 /* Release */,
			);
			defaultConfigurationIsVisible = 0;
			defaultConfigurationName = Release;
		};
/* End XCConfigurationList section */
	};
	rootObject = 221792882AA0B01E001A5B79 /* Project object */;
}
