PODS:
  - Palette (1.0.6)

DEPENDENCIES:
  - Palette (from `https://github.com/galandezzz/ios-Palette.git`)

EXTERNAL SOURCES:
  Palette:
    :git: https://github.com/galandezzz/ios-Palette.git

CHECKOUT OPTIONS:
  Palette:
    :commit: 9b5b2831367fb32fac0ec97551724f77978a7e85
    :git: https://github.com/galandezzz/ios-Palette.git

SPEC CHECKSUMS:
  Palette: aa21bf41603ef85b1d735ae7e17f7685aa21f192

PODFILE CHECKSUM: a4aeb02f8f6be2fb8fb4874ff72b06a3c5d91176

COCOAPODS: 1.12.1
